
Microsoft Visual Studio Solution File, Format Version 12.00
# Visual Studio Version 16
VisualStudioVersion = 16.0.31515.178
MinimumVisualStudioVersion = 10.0.40219.1
Project("{FAE04EC0-301F-11D3-BF4B-00C04F79EFBC}") = "BT.TechTest.OTP.Generator", "BT.TechTest.OTP.Generator\BT.TechTest.OTP.Generator.csproj", "{DD5EF97F-F69E-4734-BA85-08C3CB96EC2B}"
EndProject
Project("{FAE04EC0-301F-11D3-BF4B-00C04F79EFBC}") = "BT.TechTest.OTP.UnitTests", "BT.TechTest.OTP.UnitTests\BT.TechTest.OTP.UnitTests.csproj", "{8C13DEE6-DB57-40D3-A257-5854F08A7814}"
EndProject
Global
	GlobalSection(SolutionConfigurationPlatforms) = preSolution
		Debug|Any CPU = Debug|Any CPU
		Release|Any CPU = Release|Any CPU
	EndGlobalSection
	GlobalSection(ProjectConfigurationPlatforms) = postSolution
		{DD5EF97F-F69E-4734-BA85-08C3CB96EC2B}.Debug|Any CPU.ActiveCfg = Debug|Any CPU
		{DD5EF97F-F69E-4734-BA85-08C3CB96EC2B}.Debug|Any CPU.Build.0 = Debug|Any CPU
		{DD5EF97F-F69E-4734-BA85-08C3CB96EC2B}.Release|Any CPU.ActiveCfg = Release|Any CPU
		{DD5EF97F-F69E-4734-BA85-08C3CB96EC2B}.Release|Any CPU.Build.0 = Release|Any CPU
		{8C13DEE6-DB57-40D3-A257-5854F08A7814}.Debug|Any CPU.ActiveCfg = Debug|Any CPU
		{8C13DEE6-DB57-40D3-A257-5854F08A7814}.Debug|Any CPU.Build.0 = Debug|Any CPU
		{8C13DEE6-DB57-40D3-A257-5854F08A7814}.Release|Any CPU.ActiveCfg = Release|Any CPU
		{8C13DEE6-DB57-40D3-A257-5854F08A7814}.Release|Any CPU.Build.0 = Release|Any CPU
	EndGlobalSection
	GlobalSection(SolutionProperties) = preSolution
		HideSolutionNode = FALSE
	EndGlobalSection
	GlobalSection(ExtensibilityGlobals) = postSolution
		SolutionGuid = {95A03787-BF56-4FA3-B760-0C788932760C}
	EndGlobalSection
EndGlobal
